
Microsoft Visual Studio Solution File, Format Version 12.00
# Visual Studio Version 17
VisualStudioVersion = 17.13.35931.197 d17.13
MinimumVisualStudioVersion = 10.0.40219.1
Project("{FAE04EC0-301F-11D3-BF4B-00C04F79EFBC}") = "Million.RealEstate.Backend.Core", "Million.RealEstate.Backend.Core\Million.RealEstate.Backend.Core.csproj", "{4159AF8B-4101-4CE8-9EA8-47F8EA90AF68}"
EndProject
Project("{FAE04EC0-301F-11D3-BF4B-00C04F79EFBC}") = "Million.RealEstate.Backend.Api", "Million.RealEstate.Backend.Api\Million.RealEstate.Backend.Api.csproj", "{6ADFDA5E-C1D1-4072-843D-F98E9204D984}"
EndProject
Project("{FAE04EC0-301F-11D3-BF4B-00C04F79EFBC}") = "Million.RealEstate.Backend.Infrastructure", "Million.RealEstate.Backend.Infrastructure\Million.RealEstate.Backend.Infrastructure.csproj", "{091EBC1B-1763-4920-A5E7-EA8D2E419550}"
EndProject
Global
	GlobalSection(SolutionConfigurationPlatforms) = preSolution
		Debug|Any CPU = Debug|Any CPU
		Release|Any CPU = Release|Any CPU
	EndGlobalSection
	GlobalSection(ProjectConfigurationPlatforms) = postSolution
		{4159AF8B-4101-4CE8-9EA8-47F8EA90AF68}.Debug|Any CPU.ActiveCfg = Debug|Any CPU
		{4159AF8B-4101-4CE8-9EA8-47F8EA90AF68}.Debug|Any CPU.Build.0 = Debug|Any CPU
		{4159AF8B-4101-4CE8-9EA8-47F8EA90AF68}.Release|Any CPU.ActiveCfg = Release|Any CPU
		{4159AF8B-4101-4CE8-9EA8-47F8EA90AF68}.Release|Any CPU.Build.0 = Release|Any CPU
		{6ADFDA5E-C1D1-4072-843D-F98E9204D984}.Debug|Any CPU.ActiveCfg = Debug|Any CPU
		{6ADFDA5E-C1D1-4072-843D-F98E9204D984}.Debug|Any CPU.Build.0 = Debug|Any CPU
		{6ADFDA5E-C1D1-4072-843D-F98E9204D984}.Release|Any CPU.ActiveCfg = Release|Any CPU
		{6ADFDA5E-C1D1-4072-843D-F98E9204D984}.Release|Any CPU.Build.0 = Release|Any CPU
		{091EBC1B-1763-4920-A5E7-EA8D2E419550}.Debug|Any CPU.ActiveCfg = Debug|Any CPU
		{091EBC1B-1763-4920-A5E7-EA8D2E419550}.Debug|Any CPU.Build.0 = Debug|Any CPU
		{091EBC1B-1763-4920-A5E7-EA8D2E419550}.Release|Any CPU.ActiveCfg = Release|Any CPU
		{091EBC1B-1763-4920-A5E7-EA8D2E419550}.Release|Any CPU.Build.0 = Release|Any CPU
	EndGlobalSection
	GlobalSection(SolutionProperties) = preSolution
		HideSolutionNode = FALSE
	EndGlobalSection
	GlobalSection(ExtensibilityGlobals) = postSolution
		SolutionGuid = {43EBA2FB-BFC5-415E-8C83-C75EE53755EF}
	EndGlobalSection
EndGlobal
